<Solution>
  <Project Path="Day02_ReleaseVsDebugMode/Day02_ReleaseVsDebugMode.csproj" />
  <Project Path="Day03-MainMethod/Day03_MainMethod.csproj" />
  <Project Path="Day04_TypeConversion_And_Arithmatic_Operator/Day04_TypeConversion_And_Arithmatic_Operator.csproj" />
  <Project Path="Day05_Conditional_Statements/Day05_Conditional_Statements.csproj" />
  <Project Path="Day06_DoWhileAndForLoops/Day06_DoWhileAndForLoops.csproj" Id="a919c8d1-1c47-4199-bf28-bc34ab1f1551" />
  <Project Path="Day08_IntroToOOPS/Day08_IntroToOOPS.csproj" Id="b9636beb-3d0f-4afe-b161-d04f65f908eb" />
  <Project Path="Day09_ClassObjectFieldMethod/Day09_ClassObjectFieldMethod.csproj" Id="95e6d6aa-9141-4011-9685-bb5997bed52d" />
  <Project Path="Day10_IntroToConstructor/Day10_IntroToConstructor.csproj" Id="859bec00-4fa1-48f2-bcf3-9c671756d800" />
  <Project Path="HelloWorld/HelloWorld.csproj" />
</Solution>
